
Microsoft Visual Studio Solution File, Format Version 12.00
# Visual Studio Version 16
VisualStudioVersion = 16.0.30413.136
MinimumVisualStudioVersion = 10.0.40219.1
Project("{FAE04EC0-301F-11D3-BF4B-00C04F79EFBC}") = "LiturgiaAPI", "LiturgiaAPI.csproj", "{30F8924F-F4E2-4BCB-A173-2EA941554A82}"
EndProject
Global
	GlobalSection(SolutionConfigurationPlatforms) = preSolution
		Debug|Any CPU = Debug|Any CPU
		Release|Any CPU = Release|Any CPU
	EndGlobalSection
	GlobalSection(ProjectConfigurationPlatforms) = postSolution
		{30F8924F-F4E2-4BCB-A173-2EA941554A82}.Debug|Any CPU.ActiveCfg = Debug|Any CPU
		{30F8924F-F4E2-4BCB-A173-2EA941554A82}.Debug|Any CPU.Build.0 = Debug|Any CPU
		{30F8924F-F4E2-4BCB-A173-2EA941554A82}.Release|Any CPU.ActiveCfg = Release|Any CPU
		{30F8924F-F4E2-4BCB-A173-2EA941554A82}.Release|Any CPU.Build.0 = Release|Any CPU
	EndGlobalSection
	GlobalSection(SolutionProperties) = preSolution
		HideSolutionNode = FALSE
	EndGlobalSection
	GlobalSection(ExtensibilityGlobals) = postSolution
		SolutionGuid = {E5A81FB0-6C21-4B2B-99D3-AAFAD5E885DC}
	EndGlobalSection
EndGlobal
